github.com/go-sql-driver/mysql v1.5.0 h1:ozyZYNQW3x3HtqT1jira07DN2PArx2v7/mN66gGcHOs=
github.com/go-sql-driver/mysql v1.5.0/go.mod h1:DCzpHaOWr8IXmIStZouvnhqoel9Qv2LBy8hT2VhHyBg=
github.com/muidea/magicCommon v0.0.0-20200620083717-a96894d85cdf h1:FiKVNyMUtnEMFnL8C+xCtxvlfzBgWbGNeCBx9vbS3sc=
github.com/muidea/magicCommon v0.0.0-20200620083717-a96894d85cdf/go.mod h1:61sBCad8+6GFUUCk5OnaloJuNPq7u/ISflVh4+Gvyx8=
