# This file is autogenerated, do not edit; changes may be undone by the next 'dep ensure'.


[[projects]]
  digest = "1:850c49ca338a10fec2cb9e78f793043ed23965489d09e30bcc19fe29719da313"
  name = "github.com/go-sql-driver/mysql"
  packages = ["."]
  pruneopts = "UT"
  revision = "a0583e0143b1624142adab07e0e97fe106d99561"
  version = "v1.3.0"

[[projects]]
  branch = "master"
  digest = "1:c2e979bba0e76a3f9627c6ab491f9d1b2e3452c303b9949d73baca8089f7cedf"
  name = "github.com/muidea/magicCommon"
  packages = [
    "foundation/cache",
    "foundation/util",
  ]
  pruneopts = "UT"
  revision = "cf4fd4e16191207c2cc9345493b0709475e7afbd"

[solve-meta]
  analyzer-name = "dep"
  analyzer-version = 1
  input-imports = [
    "github.com/go-sql-driver/mysql",
    "github.com/muidea/magicCommon/foundation/cache",
    "github.com/muidea/magicCommon/foundation/util",
  ]
  solver-name = "gps-cdcl"
  solver-version = 1
