# This file is autogenerated, do not edit; changes may be undone by the next 'dep ensure'.


[[projects]]
  digest = "1:a3af33fd30536d9c5a7b6ad542390919e57c1125097a194c7b3d9904109a0611"
  name = "github.com/go-sql-driver/mysql"
  packages = ["."]
  pruneopts = "UT"
  revision = "17ef3dd9d98b69acec3e85878995ada9533a9370"
  version = "v1.5.0"

[[projects]]
  branch = "master"
  digest = "1:18406377067a9887273404b1f82be59b9fba1a1315a01bffa913822c788bf897"
  name = "github.com/muidea/magicCommon"
  packages = [
    "foundation/cache",
    "foundation/util",
  ]
  pruneopts = "UT"
  revision = "69c900e5b3c87cb6342d9d86ca135bc79e161468"

[solve-meta]
  analyzer-name = "dep"
  analyzer-version = 1
  input-imports = [
    "github.com/go-sql-driver/mysql",
    "github.com/muidea/magicCommon/foundation/cache",
    "github.com/muidea/magicCommon/foundation/util",
  ]
  solver-name = "gps-cdcl"
  solver-version = 1
